
Microsoft Visual Studio Solution File, Format Version 12.00
# Visual Studio Version 17
VisualStudioVersion = 17.5.002.0
MinimumVisualStudioVersion = 10.0.40219.1
Project("{9A19103F-16F7-4668-BE54-9A1E7A4F7556}") = "SwitchCond", "SwitchCond.csproj", "{7FA3CC0F-CEAB-4FDA-8D8E-DEC38821557A}"
EndProject
Global
	GlobalSection(SolutionConfigurationPlatforms) = preSolution
		Debug|Any CPU = Debug|Any CPU
		Release|Any CPU = Release|Any CPU
	EndGlobalSection
	GlobalSection(ProjectConfigurationPlatforms) = postSolution
		{7FA3CC0F-CEAB-4FDA-8D8E-DEC38821557A}.Debug|Any CPU.ActiveCfg = Debug|Any CPU
		{7FA3CC0F-CEAB-4FDA-8D8E-DEC38821557A}.Debug|Any CPU.Build.0 = Debug|Any CPU
		{7FA3CC0F-CEAB-4FDA-8D8E-DEC38821557A}.Release|Any CPU.ActiveCfg = Release|Any CPU
		{7FA3CC0F-CEAB-4FDA-8D8E-DEC38821557A}.Release|Any CPU.Build.0 = Release|Any CPU
	EndGlobalSection
	GlobalSection(SolutionProperties) = preSolution
		HideSolutionNode = FALSE
	EndGlobalSection
	GlobalSection(ExtensibilityGlobals) = postSolution
		SolutionGuid = {FB8BDB51-FED1-441D-85CD-534944801AB1}
	EndGlobalSection
EndGlobal
