
Microsoft Visual Studio Solution File, Format Version 12.00
# Visual Studio Version 17
VisualStudioVersion = 17.5.002.0
MinimumVisualStudioVersion = 10.0.40219.1
Project("{9A19103F-16F7-4668-BE54-9A1E7A4F7556}") = "TernaryOperators", "TernaryOperators.csproj", "{56AE0457-DADE-40F1-A386-DB6785D00D77}"
EndProject
Project("{FAE04EC0-301F-11D3-BF4B-00C04F79EFBC}") = "TemperatureCheckChallenge", "TemperatureCheckChallenge\TemperatureCheckChallenge.csproj", "{8BC57D0D-C912-4AFE-9D7B-96DB1F3CABD0}"
EndProject
Global
	GlobalSection(SolutionConfigurationPlatforms) = preSolution
		Debug|Any CPU = Debug|Any CPU
		Release|Any CPU = Release|Any CPU
	EndGlobalSection
	GlobalSection(ProjectConfigurationPlatforms) = postSolution
		{56AE0457-DADE-40F1-A386-DB6785D00D77}.Debug|Any CPU.ActiveCfg = Debug|Any CPU
		{56AE0457-DADE-40F1-A386-DB6785D00D77}.Debug|Any CPU.Build.0 = Debug|Any CPU
		{56AE0457-DADE-40F1-A386-DB6785D00D77}.Release|Any CPU.ActiveCfg = Release|Any CPU
		{56AE0457-DADE-40F1-A386-DB6785D00D77}.Release|Any CPU.Build.0 = Release|Any CPU
		{8BC57D0D-C912-4AFE-9D7B-96DB1F3CABD0}.Debug|Any CPU.ActiveCfg = Debug|Any CPU
		{8BC57D0D-C912-4AFE-9D7B-96DB1F3CABD0}.Debug|Any CPU.Build.0 = Debug|Any CPU
		{8BC57D0D-C912-4AFE-9D7B-96DB1F3CABD0}.Release|Any CPU.ActiveCfg = Release|Any CPU
		{8BC57D0D-C912-4AFE-9D7B-96DB1F3CABD0}.Release|Any CPU.Build.0 = Release|Any CPU
	EndGlobalSection
	GlobalSection(SolutionProperties) = preSolution
		HideSolutionNode = FALSE
	EndGlobalSection
	GlobalSection(ExtensibilityGlobals) = postSolution
		SolutionGuid = {220ED9E7-D56D-4E6B-88DE-725C3F7C04AD}
	EndGlobalSection
EndGlobal
