
Microsoft Visual Studio Solution File, Format Version 12.00
# Visual Studio Version 17
VisualStudioVersion = 17.5.002.0
MinimumVisualStudioVersion = 10.0.40219.1
Project("{9A19103F-16F7-4668-BE54-9A1E7A4F7556}") = "WhileLoop", "WhileLoop.csproj", "{734E9F59-6293-4E75-9107-009F17C0367E}"
EndProject
Project("{FAE04EC0-301F-11D3-BF4B-00C04F79EFBC}") = "BreakContinue", "..\BreakContinue\BreakContinue.csproj", "{FF8A938F-C110-4A97-B004-8517E9613062}"
EndProject
Global
	GlobalSection(SolutionConfigurationPlatforms) = preSolution
		Debug|Any CPU = Debug|Any CPU
		Release|Any CPU = Release|Any CPU
	EndGlobalSection
	GlobalSection(ProjectConfigurationPlatforms) = postSolution
		{734E9F59-6293-4E75-9107-009F17C0367E}.Debug|Any CPU.ActiveCfg = Debug|Any CPU
		{734E9F59-6293-4E75-9107-009F17C0367E}.Debug|Any CPU.Build.0 = Debug|Any CPU
		{734E9F59-6293-4E75-9107-009F17C0367E}.Release|Any CPU.ActiveCfg = Release|Any CPU
		{734E9F59-6293-4E75-9107-009F17C0367E}.Release|Any CPU.Build.0 = Release|Any CPU
		{FF8A938F-C110-4A97-B004-8517E9613062}.Debug|Any CPU.ActiveCfg = Debug|Any CPU
		{FF8A938F-C110-4A97-B004-8517E9613062}.Debug|Any CPU.Build.0 = Debug|Any CPU
		{FF8A938F-C110-4A97-B004-8517E9613062}.Release|Any CPU.ActiveCfg = Release|Any CPU
		{FF8A938F-C110-4A97-B004-8517E9613062}.Release|Any CPU.Build.0 = Release|Any CPU
	EndGlobalSection
	GlobalSection(SolutionProperties) = preSolution
		HideSolutionNode = FALSE
	EndGlobalSection
	GlobalSection(ExtensibilityGlobals) = postSolution
		SolutionGuid = {07ED95C2-9E00-4AE9-9BD8-E362D3302561}
	EndGlobalSection
EndGlobal
