
Microsoft Visual Studio Solution File, Format Version 12.00
# Visual Studio Version 17
VisualStudioVersion = 17.5.002.0
MinimumVisualStudioVersion = 10.0.40219.1
Project("{9A19103F-16F7-4668-BE54-9A1E7A4F7556}") = "Csharp-Methods", "Csharp-Methods.csproj", "{0D6178CD-E6B2-43FD-B1FE-0F3402C5C42F}"
EndProject
Project("{FAE04EC0-301F-11D3-BF4B-00C04F79EFBC}") = "UserInput", "UserInput\UserInput.csproj", "{0FCF4C78-B9FB-4E38-A34D-32B90101E4FE}"
EndProject
Global
	GlobalSection(SolutionConfigurationPlatforms) = preSolution
		Debug|Any CPU = Debug|Any CPU
		Release|Any CPU = Release|Any CPU
	EndGlobalSection
	GlobalSection(ProjectConfigurationPlatforms) = postSolution
		{0D6178CD-E6B2-43FD-B1FE-0F3402C5C42F}.Debug|Any CPU.ActiveCfg = Debug|Any CPU
		{0D6178CD-E6B2-43FD-B1FE-0F3402C5C42F}.Debug|Any CPU.Build.0 = Debug|Any CPU
		{0D6178CD-E6B2-43FD-B1FE-0F3402C5C42F}.Release|Any CPU.ActiveCfg = Release|Any CPU
		{0D6178CD-E6B2-43FD-B1FE-0F3402C5C42F}.Release|Any CPU.Build.0 = Release|Any CPU
		{0FCF4C78-B9FB-4E38-A34D-32B90101E4FE}.Debug|Any CPU.ActiveCfg = Debug|Any CPU
		{0FCF4C78-B9FB-4E38-A34D-32B90101E4FE}.Debug|Any CPU.Build.0 = Debug|Any CPU
		{0FCF4C78-B9FB-4E38-A34D-32B90101E4FE}.Release|Any CPU.ActiveCfg = Release|Any CPU
		{0FCF4C78-B9FB-4E38-A34D-32B90101E4FE}.Release|Any CPU.Build.0 = Release|Any CPU
	EndGlobalSection
	GlobalSection(SolutionProperties) = preSolution
		HideSolutionNode = FALSE
	EndGlobalSection
	GlobalSection(ExtensibilityGlobals) = postSolution
		SolutionGuid = {EF942ECB-7B4E-47B2-A40A-A07535C58B9F}
	EndGlobalSection
EndGlobal
